// !$*UTF8*$!
{
	archiveVersion = 1;
	classes = {
	};
	objectVersion = 46;
	objects = {

/* Begin PBXBuildFile section */
		20CAAAE2FB2F17FE76B2C660 /* Pods_UIAdapterKit_Example.framework in Frameworks */ = {isa = PBXBuildFile; fileRef = DCDD732602A672D378583B79 /* Pods_UIAdapterKit_Example.framework */; };
		286EAA0DAB88C93D39AD002A /* Pods_UIAdapterKit_Tests.framework in Frameworks */ = {isa = PBXBuildFile; fileRef = 4098A75AB29F3E31ED24D827 /* Pods_UIAdapterKit_Tests.framework */; };
		607FACD61AFB9204008FA782 /* AppDelegate.swift in Sources */ = {isa = PBXBuildFile; fileRef = 607FACD51AFB9204008FA782 /* AppDelegate.swift */; };
		607FACDB1AFB9204008FA782 /* Main.storyboard in Resources */ = {isa = PBXBuildFile; fileRef = 607FACD91AFB9204008FA782 /* Main.storyboard */; };
		607FACDD1AFB9204008FA782 /* Images.xcassets in Resources */ = {isa = PBXBuildFile; fileRef = 607FACDC1AFB9204008FA782 /* Images.xcassets */; };
		607FACE01AFB9204008FA782 /* LaunchScreen.xib in Resources */ = {isa = PBXBuildFile; fileRef = 607FACDE1AFB9204008FA782 /* LaunchScreen.xib */; };
		65256FAE22BBB0BE00253E0E /* RealmSearchableCollectionViewAdapterTests.swift in Sources */ = {isa = PBXBuildFile; fileRef = 65256FAD22BBB0BE00253E0E /* RealmSearchableCollectionViewAdapterTests.swift */; };
		65256FB322BBF1F800253E0E /* PredicateFlow.generated.swift in Sources */ = {isa = PBXBuildFile; fileRef = 65256FB222BBF1F700253E0E /* PredicateFlow.generated.swift */; };
		65346BB822A994360009A654 /* Fakeable.swift in Sources */ = {isa = PBXBuildFile; fileRef = 6584BF0422A703C2006D6275 /* Fakeable.swift */; };
		65346BBA22A998370009A654 /* DefaultTableViewItemTests.swift in Sources */ = {isa = PBXBuildFile; fileRef = 65346BB922A998370009A654 /* DefaultTableViewItemTests.swift */; };
		65346BCA22AD62570009A654 /* RealmTableViewAdapterTests.swift in Sources */ = {isa = PBXBuildFile; fileRef = 65346BC822AD623A0009A654 /* RealmTableViewAdapterTests.swift */; };
		65346BCE22AD6A250009A654 /* RealmTableViewSectionTests.swift in Sources */ = {isa = PBXBuildFile; fileRef = 65346BCD22AD6A250009A654 /* RealmTableViewSectionTests.swift */; };
		65346BD122AD6ACF0009A654 /* BaseRealmTestCase.swift in Sources */ = {isa = PBXBuildFile; fileRef = 65346BD022AD6ACF0009A654 /* BaseRealmTestCase.swift */; };
		65346BD722AD707F0009A654 /* RealmCollectionViewSectionTests.swift in Sources */ = {isa = PBXBuildFile; fileRef = 65346BD622AD707F0009A654 /* RealmCollectionViewSectionTests.swift */; };
		65346BD922AD71D40009A654 /* RealmCollectionViewAdapterTests.swift in Sources */ = {isa = PBXBuildFile; fileRef = 65346BD822AD71D40009A654 /* RealmCollectionViewAdapterTests.swift */; };
		65346BDB22AD777E0009A654 /* RealmTableViewController.swift in Sources */ = {isa = PBXBuildFile; fileRef = 65346BDA22AD777E0009A654 /* RealmTableViewController.swift */; };
		65346BE022ADB3F50009A654 /* RealmCollectionViewController.swift in Sources */ = {isa = PBXBuildFile; fileRef = 65346BDF22ADB3F50009A654 /* RealmCollectionViewController.swift */; };
		65346BE522AEF7B00009A654 /* EditableTableViewItemTests.swift in Sources */ = {isa = PBXBuildFile; fileRef = 65346BE422AEF7B00009A654 /* EditableTableViewItemTests.swift */; };
		65346BEF22B0247F0009A654 /* BaseTableViewAdapterTests.swift in Sources */ = {isa = PBXBuildFile; fileRef = 65346BEE22B0247F0009A654 /* BaseTableViewAdapterTests.swift */; };
		65346BF522B062400009A654 /* BaseCollectionViewAdapterTests.swift in Sources */ = {isa = PBXBuildFile; fileRef = 65346BF422B062400009A654 /* BaseCollectionViewAdapterTests.swift */; };
		654E42E122BB5A93000373A6 /* RealmSearchableTableViewAdapterTests.swift in Sources */ = {isa = PBXBuildFile; fileRef = 654E42E022BB5A93000373A6 /* RealmSearchableTableViewAdapterTests.swift */; };
		6584BEE522A70143006D6275 /* StaticTableViewController.swift in Sources */ = {isa = PBXBuildFile; fileRef = 6584BEE422A70143006D6275 /* StaticTableViewController.swift */; };
		6584BEE722A7017B006D6275 /* StaticCollectionViewController.swift in Sources */ = {isa = PBXBuildFile; fileRef = 6584BEE622A7017B006D6275 /* StaticCollectionViewController.swift */; };
		6584BEED22A701D7006D6275 /* UserCollectionViewHeaderFooter.xib in Resources */ = {isa = PBXBuildFile; fileRef = 6584BEEB22A701D7006D6275 /* UserCollectionViewHeaderFooter.xib */; };
		6584BEEE22A701D7006D6275 /* UserCollectionViewSection.swift in Sources */ = {isa = PBXBuildFile; fileRef = 6584BEEC22A701D7006D6275 /* UserCollectionViewSection.swift */; };
		6584BEF222A70235006D6275 /* UserTableViewFooter.xib in Resources */ = {isa = PBXBuildFile; fileRef = 6584BEF022A70235006D6275 /* UserTableViewFooter.xib */; };
		6584BEF322A70235006D6275 /* UserTableViewSection.swift in Sources */ = {isa = PBXBuildFile; fileRef = 6584BEF122A70235006D6275 /* UserTableViewSection.swift */; };
		6584BEF822A702E5006D6275 /* UserCollectionViewItem.xib in Resources */ = {isa = PBXBuildFile; fileRef = 6584BEF622A702E5006D6275 /* UserCollectionViewItem.xib */; };
		6584BEF922A702E5006D6275 /* UserCollectionViewItem.swift in Sources */ = {isa = PBXBuildFile; fileRef = 6584BEF722A702E5006D6275 /* UserCollectionViewItem.swift */; };
		6584BEFD22A7035B006D6275 /* UserTableViewItem.xib in Resources */ = {isa = PBXBuildFile; fileRef = 6584BEFB22A7035B006D6275 /* UserTableViewItem.xib */; };
		6584BEFE22A7035B006D6275 /* UserTableViewItem.swift in Sources */ = {isa = PBXBuildFile; fileRef = 6584BEFC22A7035B006D6275 /* UserTableViewItem.swift */; };
		6584BF0122A7039B006D6275 /* User.swift in Sources */ = {isa = PBXBuildFile; fileRef = 6584BF0022A7039B006D6275 /* User.swift */; };
		6584BF0E22A70639006D6275 /* StaticTableViewAdapterTests.swift in Sources */ = {isa = PBXBuildFile; fileRef = 6584BF0C22A70628006D6275 /* StaticTableViewAdapterTests.swift */; };
		6584BF0F22A7064D006D6275 /* Fakeable.swift in Sources */ = {isa = PBXBuildFile; fileRef = 6584BF0422A703C2006D6275 /* Fakeable.swift */; };
		6584BF1122A70680006D6275 /* StaticCollectionViewAdapterTests.swift in Sources */ = {isa = PBXBuildFile; fileRef = 6584BF1022A70680006D6275 /* StaticCollectionViewAdapterTests.swift */; };
		6584BF1422A706BC006D6275 /* BasicModel.swift in Sources */ = {isa = PBXBuildFile; fileRef = 6584BF1322A706BC006D6275 /* BasicModel.swift */; };
		6584BF1622A706C9006D6275 /* BasicTableViewItem.swift in Sources */ = {isa = PBXBuildFile; fileRef = 6584BF1522A706C9006D6275 /* BasicTableViewItem.swift */; };
		6584BF1822A70710006D6275 /* BasicCollectionViewItem.swift in Sources */ = {isa = PBXBuildFile; fileRef = 6584BF1722A70710006D6275 /* BasicCollectionViewItem.swift */; };
		6584BF1A22A70761006D6275 /* BasicItem.swift in Sources */ = {isa = PBXBuildFile; fileRef = 6584BF1922A70761006D6275 /* BasicItem.swift */; };
		6584BF1C22A707AF006D6275 /* R.generated.swift in Sources */ = {isa = PBXBuildFile; fileRef = 6584BF1B22A707AF006D6275 /* R.generated.swift */; };
		6584BF2022A70E58006D6275 /* BasicSection.swift in Sources */ = {isa = PBXBuildFile; fileRef = 6584BF1F22A70E58006D6275 /* BasicSection.swift */; };
		6584BF2222A70E6E006D6275 /* BasicTableViewSection.swift in Sources */ = {isa = PBXBuildFile; fileRef = 6584BF2122A70E6E006D6275 /* BasicTableViewSection.swift */; };
		6584BF2422A70E8B006D6275 /* BasicCollectionViewSection.swift in Sources */ = {isa = PBXBuildFile; fileRef = 6584BF2322A70E8B006D6275 /* BasicCollectionViewSection.swift */; };
		6584BF2722A71386006D6275 /* ItemTests.swift in Sources */ = {isa = PBXBuildFile; fileRef = 6584BF2622A71386006D6275 /* ItemTests.swift */; };
		6584BF2A22A714B7006D6275 /* SectionTests.swift in Sources */ = {isa = PBXBuildFile; fileRef = 6584BF2922A714B7006D6275 /* SectionTests.swift */; };
		6584BF2E22A99217006D6275 /* ContainerTests.swift in Sources */ = {isa = PBXBuildFile; fileRef = 6584BF2B22A85F1F006D6275 /* ContainerTests.swift */; };
/* End PBXBuildFile section */

/* Begin PBXContainerItemProxy section */
		607FACE61AFB9204008FA782 /* PBXContainerItemProxy */ = {
			isa = PBXContainerItemProxy;
			containerPortal = 607FACC81AFB9204008FA782 /* Project object */;
			proxyType = 1;
			remoteGlobalIDString = 607FACCF1AFB9204008FA782;
			remoteInfo = UIAdapterKit;
		};
/* End PBXContainerItemProxy section */

/* Begin PBXFileReference section */
		079529A092621310706CC972 /* UIAdapterKit.podspec */ = {isa = PBXFileReference; includeInIndex = 1; lastKnownFileType = text; name = UIAdapterKit.podspec; path = ../UIAdapterKit.podspec; sourceTree = "<group>"; xcLanguageSpecificationIdentifier = xcode.lang.ruby; };
		4098A75AB29F3E31ED24D827 /* Pods_UIAdapterKit_Tests.framework */ = {isa = PBXFileReference; explicitFileType = wrapper.framework; includeInIndex = 0; path = Pods_UIAdapterKit_Tests.framework; sourceTree = BUILT_PRODUCTS_DIR; };
		425954BED5D53786D242753E /* LICENSE */ = {isa = PBXFileReference; includeInIndex = 1; lastKnownFileType = text; name = LICENSE; path = ../LICENSE; sourceTree = "<group>"; };
		4EB2747BBCF8BB1934D02FA9 /* Pods-UIAdapterKit_Tests.release.xcconfig */ = {isa = PBXFileReference; includeInIndex = 1; lastKnownFileType = text.xcconfig; name = "Pods-UIAdapterKit_Tests.release.xcconfig"; path = "Target Support Files/Pods-UIAdapterKit_Tests/Pods-UIAdapterKit_Tests.release.xcconfig"; sourceTree = "<group>"; };
		518FB74AA9AB48A1F42FF552 /* Pods-UIAdapterKit_Example.release.xcconfig */ = {isa = PBXFileReference; includeInIndex = 1; lastKnownFileType = text.xcconfig; name = "Pods-UIAdapterKit_Example.release.xcconfig"; path = "Target Support Files/Pods-UIAdapterKit_Example/Pods-UIAdapterKit_Example.release.xcconfig"; sourceTree = "<group>"; };
		607FACD01AFB9204008FA782 /* UIAdapterKit_Example.app */ = {isa = PBXFileReference; explicitFileType = wrapper.application; includeInIndex = 0; path = UIAdapterKit_Example.app; sourceTree = BUILT_PRODUCTS_DIR; };
		607FACD41AFB9204008FA782 /* Info.plist */ = {isa = PBXFileReference; lastKnownFileType = text.plist.xml; path = Info.plist; sourceTree = "<group>"; };
		607FACD51AFB9204008FA782 /* AppDelegate.swift */ = {isa = PBXFileReference; lastKnownFileType = sourcecode.swift; path = AppDelegate.swift; sourceTree = "<group>"; };
		607FACDA1AFB9204008FA782 /* Base */ = {isa = PBXFileReference; lastKnownFileType = file.storyboard; name = Base; path = Base.lproj/Main.storyboard; sourceTree = "<group>"; };
		607FACDC1AFB9204008FA782 /* Images.xcassets */ = {isa = PBXFileReference; lastKnownFileType = folder.assetcatalog; path = Images.xcassets; sourceTree = "<group>"; };
		607FACDF1AFB9204008FA782 /* Base */ = {isa = PBXFileReference; lastKnownFileType = file.xib; name = Base; path = Base.lproj/LaunchScreen.xib; sourceTree = "<group>"; };
		607FACE51AFB9204008FA782 /* UIAdapterKit_Tests.xctest */ = {isa = PBXFileReference; explicitFileType = wrapper.cfbundle; includeInIndex = 0; path = UIAdapterKit_Tests.xctest; sourceTree = BUILT_PRODUCTS_DIR; };
		607FACEA1AFB9204008FA782 /* Info.plist */ = {isa = PBXFileReference; lastKnownFileType = text.plist.xml; path = Info.plist; sourceTree = "<group>"; };
		65256FAD22BBB0BE00253E0E /* RealmSearchableCollectionViewAdapterTests.swift */ = {isa = PBXFileReference; lastKnownFileType = sourcecode.swift; path = RealmSearchableCollectionViewAdapterTests.swift; sourceTree = "<group>"; };
		65256FB222BBF1F700253E0E /* PredicateFlow.generated.swift */ = {isa = PBXFileReference; fileEncoding = 4; lastKnownFileType = sourcecode.swift; path = PredicateFlow.generated.swift; sourceTree = SOURCE_ROOT; };
		65346BB922A998370009A654 /* DefaultTableViewItemTests.swift */ = {isa = PBXFileReference; lastKnownFileType = sourcecode.swift; path = DefaultTableViewItemTests.swift; sourceTree = "<group>"; };
		65346BC822AD623A0009A654 /* RealmTableViewAdapterTests.swift */ = {isa = PBXFileReference; lastKnownFileType = sourcecode.swift; path = RealmTableViewAdapterTests.swift; sourceTree = "<group>"; };
		65346BCD22AD6A250009A654 /* RealmTableViewSectionTests.swift */ = {isa = PBXFileReference; lastKnownFileType = sourcecode.swift; path = RealmTableViewSectionTests.swift; sourceTree = "<group>"; };
		65346BD022AD6ACF0009A654 /* BaseRealmTestCase.swift */ = {isa = PBXFileReference; lastKnownFileType = sourcecode.swift; path = BaseRealmTestCase.swift; sourceTree = "<group>"; };
		65346BD622AD707F0009A654 /* RealmCollectionViewSectionTests.swift */ = {isa = PBXFileReference; lastKnownFileType = sourcecode.swift; path = RealmCollectionViewSectionTests.swift; sourceTree = "<group>"; };
		65346BD822AD71D40009A654 /* RealmCollectionViewAdapterTests.swift */ = {isa = PBXFileReference; lastKnownFileType = sourcecode.swift; path = RealmCollectionViewAdapterTests.swift; sourceTree = "<group>"; };
		65346BDA22AD777E0009A654 /* RealmTableViewController.swift */ = {isa = PBXFileReference; lastKnownFileType = sourcecode.swift; path = RealmTableViewController.swift; sourceTree = "<group>"; };
		65346BDF22ADB3F50009A654 /* RealmCollectionViewController.swift */ = {isa = PBXFileReference; lastKnownFileType = sourcecode.swift; path = RealmCollectionViewController.swift; sourceTree = "<group>"; };
		65346BE422AEF7B00009A654 /* EditableTableViewItemTests.swift */ = {isa = PBXFileReference; lastKnownFileType = sourcecode.swift; path = EditableTableViewItemTests.swift; sourceTree = "<group>"; };
		65346BEE22B0247F0009A654 /* BaseTableViewAdapterTests.swift */ = {isa = PBXFileReference; lastKnownFileType = sourcecode.swift; path = BaseTableViewAdapterTests.swift; sourceTree = "<group>"; };
		65346BF422B062400009A654 /* BaseCollectionViewAdapterTests.swift */ = {isa = PBXFileReference; lastKnownFileType = sourcecode.swift; path = BaseCollectionViewAdapterTests.swift; sourceTree = "<group>"; };
		654E42E022BB5A93000373A6 /* RealmSearchableTableViewAdapterTests.swift */ = {isa = PBXFileReference; lastKnownFileType = sourcecode.swift; path = RealmSearchableTableViewAdapterTests.swift; sourceTree = "<group>"; };
		6584BEE422A70143006D6275 /* StaticTableViewController.swift */ = {isa = PBXFileReference; lastKnownFileType = sourcecode.swift; path = StaticTableViewController.swift; sourceTree = "<group>"; };
		6584BEE622A7017B006D6275 /* StaticCollectionViewController.swift */ = {isa = PBXFileReference; lastKnownFileType = sourcecode.swift; path = StaticCollectionViewController.swift; sourceTree = "<group>"; };
		6584BEEB22A701D7006D6275 /* UserCollectionViewHeaderFooter.xib */ = {isa = PBXFileReference; fileEncoding = 4; lastKnownFileType = file.xib; path = UserCollectionViewHeaderFooter.xib; sourceTree = "<group>"; };
		6584BEEC22A701D7006D6275 /* UserCollectionViewSection.swift */ = {isa = PBXFileReference; fileEncoding = 4; lastKnownFileType = sourcecode.swift; path = UserCollectionViewSection.swift; sourceTree = "<group>"; };
		6584BEF022A70235006D6275 /* UserTableViewFooter.xib */ = {isa = PBXFileReference; fileEncoding = 4; lastKnownFileType = file.xib; path = UserTableViewFooter.xib; sourceTree = "<group>"; };
		6584BEF122A70235006D6275 /* UserTableViewSection.swift */ = {isa = PBXFileReference; fileEncoding = 4; lastKnownFileType = sourcecode.swift; path = UserTableViewSection.swift; sourceTree = "<group>"; };
		6584BEF622A702E5006D6275 /* UserCollectionViewItem.xib */ = {isa = PBXFileReference; fileEncoding = 4; lastKnownFileType = file.xib; path = UserCollectionViewItem.xib; sourceTree = "<group>"; };
		6584BEF722A702E5006D6275 /* UserCollectionViewItem.swift */ = {isa = PBXFileReference; fileEncoding = 4; lastKnownFileType = sourcecode.swift; path = UserCollectionViewItem.swift; sourceTree = "<group>"; };
		6584BEFB22A7035B006D6275 /* UserTableViewItem.xib */ = {isa = PBXFileReference; fileEncoding = 4; lastKnownFileType = file.xib; path = UserTableViewItem.xib; sourceTree = "<group>"; };
		6584BEFC22A7035B006D6275 /* UserTableViewItem.swift */ = {isa = PBXFileReference; fileEncoding = 4; lastKnownFileType = sourcecode.swift; path = UserTableViewItem.swift; sourceTree = "<group>"; };
		6584BF0022A7039B006D6275 /* User.swift */ = {isa = PBXFileReference; lastKnownFileType = sourcecode.swift; path = User.swift; sourceTree = "<group>"; };
		6584BF0422A703C2006D6275 /* Fakeable.swift */ = {isa = PBXFileReference; lastKnownFileType = sourcecode.swift; path = Fakeable.swift; sourceTree = "<group>"; };
		6584BF0C22A70628006D6275 /* StaticTableViewAdapterTests.swift */ = {isa = PBXFileReference; lastKnownFileType = sourcecode.swift; path = StaticTableViewAdapterTests.swift; sourceTree = "<group>"; };
		6584BF1022A70680006D6275 /* StaticCollectionViewAdapterTests.swift */ = {isa = PBXFileReference; lastKnownFileType = sourcecode.swift; path = StaticCollectionViewAdapterTests.swift; sourceTree = "<group>"; };
		6584BF1322A706BC006D6275 /* BasicModel.swift */ = {isa = PBXFileReference; lastKnownFileType = sourcecode.swift; path = BasicModel.swift; sourceTree = "<group>"; };
		6584BF1522A706C9006D6275 /* BasicTableViewItem.swift */ = {isa = PBXFileReference; lastKnownFileType = sourcecode.swift; path = BasicTableViewItem.swift; sourceTree = "<group>"; };
		6584BF1722A70710006D6275 /* BasicCollectionViewItem.swift */ = {isa = PBXFileReference; lastKnownFileType = sourcecode.swift; path = BasicCollectionViewItem.swift; sourceTree = "<group>"; };
		6584BF1922A70761006D6275 /* BasicItem.swift */ = {isa = PBXFileReference; lastKnownFileType = sourcecode.swift; path = BasicItem.swift; sourceTree = "<group>"; };
		6584BF1B22A707AF006D6275 /* R.generated.swift */ = {isa = PBXFileReference; fileEncoding = 4; lastKnownFileType = sourcecode.swift; path = R.generated.swift; sourceTree = SOURCE_ROOT; };
		6584BF1F22A70E58006D6275 /* BasicSection.swift */ = {isa = PBXFileReference; lastKnownFileType = sourcecode.swift; path = BasicSection.swift; sourceTree = "<group>"; };
		6584BF2122A70E6E006D6275 /* BasicTableViewSection.swift */ = {isa = PBXFileReference; lastKnownFileType = sourcecode.swift; path = BasicTableViewSection.swift; sourceTree = "<group>"; };
		6584BF2322A70E8B006D6275 /* BasicCollectionViewSection.swift */ = {isa = PBXFileReference; lastKnownFileType = sourcecode.swift; path = BasicCollectionViewSection.swift; sourceTree = "<group>"; };
		6584BF2622A71386006D6275 /* ItemTests.swift */ = {isa = PBXFileReference; lastKnownFileType = sourcecode.swift; path = ItemTests.swift; sourceTree = "<group>"; };
		6584BF2922A714B7006D6275 /* SectionTests.swift */ = {isa = PBXFileReference; lastKnownFileType = sourcecode.swift; path = SectionTests.swift; sourceTree = "<group>"; };
		6584BF2B22A85F1F006D6275 /* ContainerTests.swift */ = {isa = PBXFileReference; lastKnownFileType = sourcecode.swift; path = ContainerTests.swift; sourceTree = "<group>"; };
		9F7D964E234911FE4DBA0049 /* Pods-UIAdapterKit_Example.debug.xcconfig */ = {isa = PBXFileReference; includeInIndex = 1; lastKnownFileType = text.xcconfig; name = "Pods-UIAdapterKit_Example.debug.xcconfig"; path = "Target Support Files/Pods-UIAdapterKit_Example/Pods-UIAdapterKit_Example.debug.xcconfig"; sourceTree = "<group>"; };
		C64485E4A8F13E4272FCD6F6 /* Pods-UIAdapterKit_Tests.debug.xcconfig */ = {isa = PBXFileReference; includeInIndex = 1; lastKnownFileType = text.xcconfig; name = "Pods-UIAdapterKit_Tests.debug.xcconfig"; path = "Target Support Files/Pods-UIAdapterKit_Tests/Pods-UIAdapterKit_Tests.debug.xcconfig"; sourceTree = "<group>"; };
		D0168FC168CFC77A8364B8E8 /* README.md */ = {isa = PBXFileReference; includeInIndex = 1; lastKnownFileType = net.daringfireball.markdown; name = README.md; path = ../README.md; sourceTree = "<group>"; };
		DCDD732602A672D378583B79 /* Pods_UIAdapterKit_Example.framework */ = {isa = PBXFileReference; explicitFileType = wrapper.framework; includeInIndex = 0; path = Pods_UIAdapterKit_Example.framework; sourceTree = BUILT_PRODUCTS_DIR; };
/* End PBXFileReference section */

/* Begin PBXFrameworksBuildPhase section */
		607FACCD1AFB9204008FA782 /* Frameworks */ = {
			isa = PBXFrameworksBuildPhase;
			buildActionMask = 2147483647;
			files = (
				20CAAAE2FB2F17FE76B2C660 /* Pods_UIAdapterKit_Example.framework in Frameworks */,
			);
			runOnlyForDeploymentPostprocessing = 0;
		};
		607FACE21AFB9204008FA782 /* Frameworks */ = {
			isa = PBXFrameworksBuildPhase;
			buildActionMask = 2147483647;
			files = (
				286EAA0DAB88C93D39AD002A /* Pods_UIAdapterKit_Tests.framework in Frameworks */,
			);
			runOnlyForDeploymentPostprocessing = 0;
		};
/* End PBXFrameworksBuildPhase section */

/* Begin PBXGroup section */
		09EF8C4ACF874C4425747D03 /* Frameworks */ = {
			isa = PBXGroup;
			children = (
				DCDD732602A672D378583B79 /* Pods_UIAdapterKit_Example.framework */,
				4098A75AB29F3E31ED24D827 /* Pods_UIAdapterKit_Tests.framework */,
			);
			name = Frameworks;
			sourceTree = "<group>";
		};
		607FACC71AFB9204008FA782 = {
			isa = PBXGroup;
			children = (
				607FACF51AFB993E008FA782 /* Podspec Metadata */,
				607FACD21AFB9204008FA782 /* Example for UIAdapterKit */,
				607FACE81AFB9204008FA782 /* Tests */,
				607FACD11AFB9204008FA782 /* Products */,
				D3F1529D9A4BDAA5C490AAB4 /* Pods */,
				09EF8C4ACF874C4425747D03 /* Frameworks */,
			);
			sourceTree = "<group>";
		};
		607FACD11AFB9204008FA782 /* Products */ = {
			isa = PBXGroup;
			children = (
				607FACD01AFB9204008FA782 /* UIAdapterKit_Example.app */,
				607FACE51AFB9204008FA782 /* UIAdapterKit_Tests.xctest */,
			);
			name = Products;
			sourceTree = "<group>";
		};
		607FACD21AFB9204008FA782 /* Example for UIAdapterKit */ = {
			isa = PBXGroup;
			children = (
				607FACD51AFB9204008FA782 /* AppDelegate.swift */,
				6584BEE822A7019E006D6275 /* Resources */,
				6584BEE322A70130006D6275 /* Controllers */,
				6584BEE922A701B1006D6275 /* Sections */,
				6584BEF422A702C9006D6275 /* Items */,
				6584BEFF22A7037D006D6275 /* Models */,
				607FACD31AFB9204008FA782 /* Supporting Files */,
			);
			name = "Example for UIAdapterKit";
			path = UIAdapterKit;
			sourceTree = "<group>";
		};
		607FACD31AFB9204008FA782 /* Supporting Files */ = {
			isa = PBXGroup;
			children = (
				607FACD41AFB9204008FA782 /* Info.plist */,
			);
			name = "Supporting Files";
			sourceTree = "<group>";
		};
		607FACE81AFB9204008FA782 /* Tests */ = {
			isa = PBXGroup;
			children = (
				65346BCF22AD6AC40009A654 /* Base */,
				6584BF2822A714AA006D6275 /* Sections */,
				6584BF2522A7137C006D6275 /* Items */,
				6584BF0622A7041E006D6275 /* Adapters */,
				6584BF0322A703B2006D6275 /* Misc */,
				6584BF1222A706AF006D6275 /* Models */,
				607FACE91AFB9204008FA782 /* Supporting Files */,
			);
			path = Tests;
			sourceTree = "<group>";
		};
		607FACE91AFB9204008FA782 /* Supporting Files */ = {
			isa = PBXGroup;
			children = (
				607FACEA1AFB9204008FA782 /* Info.plist */,
			);
			name = "Supporting Files";
			sourceTree = "<group>";
		};
		607FACF51AFB993E008FA782 /* Podspec Metadata */ = {
			isa = PBXGroup;
			children = (
				079529A092621310706CC972 /* UIAdapterKit.podspec */,
				D0168FC168CFC77A8364B8E8 /* README.md */,
				425954BED5D53786D242753E /* LICENSE */,
			);
			name = "Podspec Metadata";
			sourceTree = "<group>";
		};
		65346BCF22AD6AC40009A654 /* Base */ = {
			isa = PBXGroup;
			children = (
				65346BD022AD6ACF0009A654 /* BaseRealmTestCase.swift */,
			);
			path = Base;
			sourceTree = "<group>";
		};
		65346BDC22AD778B0009A654 /* Realm */ = {
			isa = PBXGroup;
			children = (
				65346BDA22AD777E0009A654 /* RealmTableViewController.swift */,
				65346BDF22ADB3F50009A654 /* RealmCollectionViewController.swift */,
			);
			path = Realm;
			sourceTree = "<group>";
		};
		6584BEE322A70130006D6275 /* Controllers */ = {
			isa = PBXGroup;
			children = (
				65346BDC22AD778B0009A654 /* Realm */,
				6584BEE422A70143006D6275 /* StaticTableViewController.swift */,
				6584BEE622A7017B006D6275 /* StaticCollectionViewController.swift */,
			);
			path = Controllers;
			sourceTree = "<group>";
		};
		6584BEE822A7019E006D6275 /* Resources */ = {
			isa = PBXGroup;
			children = (
				6584BF1B22A707AF006D6275 /* R.generated.swift */,
				65256FB222BBF1F700253E0E /* PredicateFlow.generated.swift */,
				607FACD91AFB9204008FA782 /* Main.storyboard */,
				607FACDC1AFB9204008FA782 /* Images.xcassets */,
				607FACDE1AFB9204008FA782 /* LaunchScreen.xib */,
			);
			path = Resources;
			sourceTree = "<group>";
		};
		6584BEE922A701B1006D6275 /* Sections */ = {
			isa = PBXGroup;
			children = (
				6584BEEF22A701E5006D6275 /* UserTableViewSection */,
				6584BEEA22A701C8006D6275 /* UserControllerViewSection */,
			);
			path = Sections;
			sourceTree = "<group>";
		};
		6584BEEA22A701C8006D6275 /* UserControllerViewSection */ = {
			isa = PBXGroup;
			children = (
				6584BEEB22A701D7006D6275 /* UserCollectionViewHeaderFooter.xib */,
				6584BEEC22A701D7006D6275 /* UserCollectionViewSection.swift */,
			);
			path = UserControllerViewSection;
			sourceTree = "<group>";
		};
		6584BEEF22A701E5006D6275 /* UserTableViewSection */ = {
			isa = PBXGroup;
			children = (
				6584BEF022A70235006D6275 /* UserTableViewFooter.xib */,
				6584BEF122A70235006D6275 /* UserTableViewSection.swift */,
			);
			path = UserTableViewSection;
			sourceTree = "<group>";
		};
		6584BEF422A702C9006D6275 /* Items */ = {
			isa = PBXGroup;
			children = (
				6584BEFA22A7034C006D6275 /* UserTableViewItem */,
				6584BEF522A702D2006D6275 /* UserCollectionViewItem */,
			);
			path = Items;
			sourceTree = "<group>";
		};
		6584BEF522A702D2006D6275 /* UserCollectionViewItem */ = {
			isa = PBXGroup;
			children = (
				6584BEF722A702E5006D6275 /* UserCollectionViewItem.swift */,
				6584BEF622A702E5006D6275 /* UserCollectionViewItem.xib */,
			);
			path = UserCollectionViewItem;
			sourceTree = "<group>";
		};
		6584BEFA22A7034C006D6275 /* UserTableViewItem */ = {
			isa = PBXGroup;
			children = (
				6584BEFB22A7035B006D6275 /* UserTableViewItem.xib */,
				6584BEFC22A7035B006D6275 /* UserTableViewItem.swift */,
			);
			path = UserTableViewItem;
			sourceTree = "<group>";
		};
		6584BEFF22A7037D006D6275 /* Models */ = {
			isa = PBXGroup;
			children = (
				6584BF0022A7039B006D6275 /* User.swift */,
			);
			path = Models;
			sourceTree = "<group>";
		};
		6584BF0322A703B2006D6275 /* Misc */ = {
			isa = PBXGroup;
			children = (
				6584BF2B22A85F1F006D6275 /* ContainerTests.swift */,
			);
			path = Misc;
			sourceTree = "<group>";
		};
		6584BF0622A7041E006D6275 /* Adapters */ = {
			isa = PBXGroup;
			children = (
				65346BEE22B0247F0009A654 /* BaseTableViewAdapterTests.swift */,
				65346BF422B062400009A654 /* BaseCollectionViewAdapterTests.swift */,
				6584BF0C22A70628006D6275 /* StaticTableViewAdapterTests.swift */,
				6584BF1022A70680006D6275 /* StaticCollectionViewAdapterTests.swift */,
				65346BC822AD623A0009A654 /* RealmTableViewAdapterTests.swift */,
				65346BD822AD71D40009A654 /* RealmCollectionViewAdapterTests.swift */,
				654E42E022BB5A93000373A6 /* RealmSearchableTableViewAdapterTests.swift */,
				65256FAD22BBB0BE00253E0E /* RealmSearchableCollectionViewAdapterTests.swift */,
			);
			path = Adapters;
			sourceTree = "<group>";
		};
		6584BF1222A706AF006D6275 /* Models */ = {
			isa = PBXGroup;
			children = (
				6584BF0422A703C2006D6275 /* Fakeable.swift */,
				6584BF1322A706BC006D6275 /* BasicModel.swift */,
				6584BF1E22A70E3C006D6275 /* Sections */,
				6584BF1D22A70E30006D6275 /* Items */,
			);
			path = Models;
			sourceTree = "<group>";
		};
		6584BF1D22A70E30006D6275 /* Items */ = {
			isa = PBXGroup;
			children = (
				6584BF1922A70761006D6275 /* BasicItem.swift */,
				6584BF1522A706C9006D6275 /* BasicTableViewItem.swift */,
				6584BF1722A70710006D6275 /* BasicCollectionViewItem.swift */,
			);
			path = Items;
			sourceTree = "<group>";
		};
		6584BF1E22A70E3C006D6275 /* Sections */ = {
			isa = PBXGroup;
			children = (
				6584BF1F22A70E58006D6275 /* BasicSection.swift */,
				6584BF2122A70E6E006D6275 /* BasicTableViewSection.swift */,
				6584BF2322A70E8B006D6275 /* BasicCollectionViewSection.swift */,
			);
			path = Sections;
			sourceTree = "<group>";
		};
		6584BF2522A7137C006D6275 /* Items */ = {
			isa = PBXGroup;
			children = (
				6584BF2622A71386006D6275 /* ItemTests.swift */,
				65346BB922A998370009A654 /* DefaultTableViewItemTests.swift */,
				65346BE422AEF7B00009A654 /* EditableTableViewItemTests.swift */,
			);
			path = Items;
			sourceTree = "<group>";
		};
		6584BF2822A714AA006D6275 /* Sections */ = {
			isa = PBXGroup;
			children = (
				6584BF2922A714B7006D6275 /* SectionTests.swift */,
				65346BCD22AD6A250009A654 /* RealmTableViewSectionTests.swift */,
				65346BD622AD707F0009A654 /* RealmCollectionViewSectionTests.swift */,
			);
			path = Sections;
			sourceTree = "<group>";
		};
		D3F1529D9A4BDAA5C490AAB4 /* Pods */ = {
			isa = PBXGroup;
			children = (
				9F7D964E234911FE4DBA0049 /* Pods-UIAdapterKit_Example.debug.xcconfig */,
				518FB74AA9AB48A1F42FF552 /* Pods-UIAdapterKit_Example.release.xcconfig */,
				C64485E4A8F13E4272FCD6F6 /* Pods-UIAdapterKit_Tests.debug.xcconfig */,
				4EB2747BBCF8BB1934D02FA9 /* Pods-UIAdapterKit_Tests.release.xcconfig */,
			);
			path = Pods;
			sourceTree = "<group>";
		};
/* End PBXGroup section */

/* Begin PBXNativeTarget section */
		607FACCF1AFB9204008FA782 /* UIAdapterKit_Example */ = {
			isa = PBXNativeTarget;
			buildConfigurationList = 607FACEF1AFB9204008FA782 /* Build configuration list for PBXNativeTarget "UIAdapterKit_Example" */;
			buildPhases = (
				E1288021F0A5ADBC13838F24 /* [CP] Check Pods Manifest.lock */,
				6584BEE222A700F3006D6275 /* R.swift */,
				65256FB122BBF1AD00253E0E /* PredicateFlow */,
				607FACCC1AFB9204008FA782 /* Sources */,
				607FACCD1AFB9204008FA782 /* Frameworks */,
				607FACCE1AFB9204008FA782 /* Resources */,
				277A2C06F8C818ECB8F387F7 /* [CP] Embed Pods Frameworks */,
			);
			buildRules = (
			);
			dependencies = (
			);
			name = UIAdapterKit_Example;
			productName = UIAdapterKit;
			productReference = 607FACD01AFB9204008FA782 /* UIAdapterKit_Example.app */;
			productType = "com.apple.product-type.application";
		};
		607FACE41AFB9204008FA782 /* UIAdapterKit_Tests */ = {
			isa = PBXNativeTarget;
			buildConfigurationList = 607FACF21AFB9204008FA782 /* Build configuration list for PBXNativeTarget "UIAdapterKit_Tests" */;
			buildPhases = (
				65073672CA26A186457CC954 /* [CP] Check Pods Manifest.lock */,
				607FACE11AFB9204008FA782 /* Sources */,
				607FACE21AFB9204008FA782 /* Frameworks */,
				607FACE31AFB9204008FA782 /* Resources */,
			);
			buildRules = (
			);
			dependencies = (
				607FACE71AFB9204008FA782 /* PBXTargetDependency */,
			);
			name = UIAdapterKit_Tests;
			productName = Tests;
			productReference = 607FACE51AFB9204008FA782 /* UIAdapterKit_Tests.xctest */;
			productType = "com.apple.product-type.bundle.unit-test";
		};
/* End PBXNativeTarget section */

/* Begin PBXProject section */
		607FACC81AFB9204008FA782 /* Project object */ = {
			isa = PBXProject;
			attributes = {
				LastSwiftUpdateCheck = 0830;
				LastUpgradeCheck = 0830;
				ORGANIZATIONNAME = CocoaPods;
				TargetAttributes = {
					607FACCF1AFB9204008FA782 = {
						CreatedOnToolsVersion = 6.3.1;
						LastSwiftMigration = 0900;
					};
					607FACE41AFB9204008FA782 = {
						CreatedOnToolsVersion = 6.3.1;
						LastSwiftMigration = 0900;
						TestTargetID = 607FACCF1AFB9204008FA782;
					};
				};
			};
			buildConfigurationList = 607FACCB1AFB9204008FA782 /* Build configuration list for PBXProject "UIAdapterKit" */;
			compatibilityVersion = "Xcode 3.2";
			developmentRegion = English;
			hasScannedForEncodings = 0;
			knownRegions = (
				English,
				en,
				Base,
			);
			mainGroup = 607FACC71AFB9204008FA782;
			productRefGroup = 607FACD11AFB9204008FA782 /* Products */;
			projectDirPath = "";
			projectRoot = "";
			targets = (
				607FACCF1AFB9204008FA782 /* UIAdapterKit_Example */,
				607FACE41AFB9204008FA782 /* UIAdapterKit_Tests */,
			);
		};
/* End PBXProject section */

/* Begin PBXResourcesBuildPhase section */
		607FACCE1AFB9204008FA782 /* Resources */ = {
			isa = PBXResourcesBuildPhase;
			buildActionMask = 2147483647;
			files = (
				607FACDB1AFB9204008FA782 /* Main.storyboard in Resources */,
				6584BEED22A701D7006D6275 /* UserCollectionViewHeaderFooter.xib in Resources */,
				6584BEF822A702E5006D6275 /* UserCollectionViewItem.xib in Resources */,
				6584BEF222A70235006D6275 /* UserTableViewFooter.xib in Resources */,
				607FACE01AFB9204008FA782 /* LaunchScreen.xib in Resources */,
				6584BEFD22A7035B006D6275 /* UserTableViewItem.xib in Resources */,
				607FACDD1AFB9204008FA782 /* Images.xcassets in Resources */,
			);
			runOnlyForDeploymentPostprocessing = 0;
		};
		607FACE31AFB9204008FA782 /* Resources */ = {
			isa = PBXResourcesBuildPhase;
			buildActionMask = 2147483647;
			files = (
			);
			runOnlyForDeploymentPostprocessing = 0;
		};
/* End PBXResourcesBuildPhase section */

/* Begin PBXShellScriptBuildPhase section */
		277A2C06F8C818ECB8F387F7 /* [CP] Embed Pods Frameworks */ = {
			isa = PBXShellScriptBuildPhase;
			buildActionMask = 2147483647;
			files = (
			);
			inputPaths = (
				"${PODS_ROOT}/Target Support Files/Pods-UIAdapterKit_Example/Pods-UIAdapterKit_Example-frameworks.sh",
				"${BUILT_PRODUCTS_DIR}/Fakery/Fakery.framework",
				"${BUILT_PRODUCTS_DIR}/PredicateFlow/PredicateFlow.framework",
				"${BUILT_PRODUCTS_DIR}/R.swift.Library/Rswift.framework",
				"${BUILT_PRODUCTS_DIR}/Realm/Realm.framework",
				"${BUILT_PRODUCTS_DIR}/RealmSwift/RealmSwift.framework",
				"${BUILT_PRODUCTS_DIR}/UIAdapterKit/UIAdapterKit.framework",
			);
			name = "[CP] Embed Pods Frameworks";
			outputPaths = (
				"${TARGET_BUILD_DIR}/${FRAMEWORKS_FOLDER_PATH}/Fakery.framework",
				"${TARGET_BUILD_DIR}/${FRAMEWORKS_FOLDER_PATH}/PredicateFlow.framework",
				"${TARGET_BUILD_DIR}/${FRAMEWORKS_FOLDER_PATH}/Rswift.framework",
				"${TARGET_BUILD_DIR}/${FRAMEWORKS_FOLDER_PATH}/Realm.framework",
				"${TARGET_BUILD_DIR}/${FRAMEWORKS_FOLDER_PATH}/RealmSwift.framework",
				"${TARGET_BUILD_DIR}/${FRAMEWORKS_FOLDER_PATH}/UIAdapterKit.framework",
			);
			runOnlyForDeploymentPostprocessing = 0;
			shellPath = /bin/sh;
			shellScript = "\"${PODS_ROOT}/Target Support Files/Pods-UIAdapterKit_Example/Pods-UIAdapterKit_Example-frameworks.sh\"\n";
			showEnvVarsInLog = 0;
		};
		65073672CA26A186457CC954 /* [CP] Check Pods Manifest.lock */ = {
			isa = PBXShellScriptBuildPhase;
			buildActionMask = 2147483647;
			files = (
			);
			inputFileListPaths = (
			);
			inputPaths = (
				"${PODS_PODFILE_DIR_PATH}/Podfile.lock",
				"${PODS_ROOT}/Manifest.lock",
			);
			name = "[CP] Check Pods Manifest.lock";
			outputFileListPaths = (
			);
			outputPaths = (
				"$(DERIVED_FILE_DIR)/Pods-UIAdapterKit_Tests-checkManifestLockResult.txt",
			);
			runOnlyForDeploymentPostprocessing = 0;
			shellPath = /bin/sh;
			shellScript = "diff \"${PODS_PODFILE_DIR_PATH}/Podfile.lock\" \"${PODS_ROOT}/Manifest.lock\" > /dev/null\nif [ $? != 0 ] ; then\n    # print error to STDERR\n    echo \"error: The sandbox is not in sync with the Podfile.lock. Run 'pod install' or update your CocoaPods installation.\" >&2\n    exit 1\nfi\n# This output is used by Xcode 'outputs' to avoid re-running this script phase.\necho \"SUCCESS\" > \"${SCRIPT_OUTPUT_FILE_0}\"\n";
			showEnvVarsInLog = 0;
		};
		65256FB122BBF1AD00253E0E /* PredicateFlow */ = {
			isa = PBXShellScriptBuildPhase;
			buildActionMask = 2147483647;
			files = (
			);
			inputFileListPaths = (
			);
			inputPaths = (
			);
			name = PredicateFlow;
			outputFileListPaths = (
			);
			outputPaths = (
				"$SRCROOT/PredicateFlow.generated.swift\n",
			);
			runOnlyForDeploymentPostprocessing = 0;
			shellPath = /bin/sh;
			shellScript = "# Type a script or drag a script file from your workspace to insert its path.\n\"$PODS_ROOT/Sourcery/bin/sourcery\" --sources \"$PODS_ROOT/PredicateFlow/PredicateFlow/Classes/Utils/\" --sources \"$SRCROOT\"  --sources \"$PODS_ROOT/RealmSwift\" --templates \"$PODS_ROOT/PredicateFlow/PredicateFlow/Templates/PredicateFlow-Realm.stencil\" --output \"$SRCROOT/PredicateFlow.generated.swift\"\n";
		};
		6584BEE222A700F3006D6275 /* R.swift */ = {
			isa = PBXShellScriptBuildPhase;
			buildActionMask = 2147483647;
			files = (
			);
			inputFileListPaths = (
			);
			inputPaths = (
				"$TEMP_DIR/rswift-lastrun",
			);
			name = R.swift;
			outputFileListPaths = (
			);
			outputPaths = (
				$SRCROOT/R.generated.swift,
			);
			runOnlyForDeploymentPostprocessing = 0;
			shellPath = /bin/sh;
			shellScript = "\"$PODS_ROOT/R.swift/rswift\" generate \"$SRCROOT/R.generated.swift\"\n\n";
		};
		E1288021F0A5ADBC13838F24 /* [CP] Check Pods Manifest.lock */ = {
			isa = PBXShellScriptBuildPhase;
			buildActionMask = 2147483647;
			files = (
			);
			inputFileListPaths = (
			);
			inputPaths = (
				"${PODS_PODFILE_DIR_PATH}/Podfile.lock",
				"${PODS_ROOT}/Manifest.lock",
			);
			name = "[CP] Check Pods Manifest.lock";
			outputFileListPaths = (
			);
			outputPaths = (
				"$(DERIVED_FILE_DIR)/Pods-UIAdapterKit_Example-checkManifestLockResult.txt",
			);
			runOnlyForDeploymentPostprocessing = 0;
			shellPath = /bin/sh;
			shellScript = "diff \"${PODS_PODFILE_DIR_PATH}/Podfile.lock\" \"${PODS_ROOT}/Manifest.lock\" > /dev/null\nif [ $? != 0 ] ; then\n    # print error to STDERR\n    echo \"error: The sandbox is not in sync with the Podfile.lock. Run 'pod install' or update your CocoaPods installation.\" >&2\n    exit 1\nfi\n# This output is used by Xcode 'outputs' to avoid re-running this script phase.\necho \"SUCCESS\" > \"${SCRIPT_OUTPUT_FILE_0}\"\n";
			showEnvVarsInLog = 0;
		};
/* End PBXShellScriptBuildPhase section */

/* Begin PBXSourcesBuildPhase section */
		607FACCC1AFB9204008FA782 /* Sources */ = {
			isa = PBXSourcesBuildPhase;
			buildActionMask = 2147483647;
			files = (
				607FACD61AFB9204008FA782 /* AppDelegate.swift in Sources */,
				6584BEF322A70235006D6275 /* UserTableViewSection.swift in Sources */,
				6584BEF922A702E5006D6275 /* UserCollectionViewItem.swift in Sources */,
				6584BEFE22A7035B006D6275 /* UserTableViewItem.swift in Sources */,
				6584BF0122A7039B006D6275 /* User.swift in Sources */,
				6584BEEE22A701D7006D6275 /* UserCollectionViewSection.swift in Sources */,
				65346BDB22AD777E0009A654 /* RealmTableViewController.swift in Sources */,
				65346BB822A994360009A654 /* Fakeable.swift in Sources */,
				65256FB322BBF1F800253E0E /* PredicateFlow.generated.swift in Sources */,
				6584BF1C22A707AF006D6275 /* R.generated.swift in Sources */,
				6584BEE722A7017B006D6275 /* StaticCollectionViewController.swift in Sources */,
				65346BE022ADB3F50009A654 /* RealmCollectionViewController.swift in Sources */,
				6584BEE522A70143006D6275 /* StaticTableViewController.swift in Sources */,
			);
			runOnlyForDeploymentPostprocessing = 0;
		};
		607FACE11AFB9204008FA782 /* Sources */ = {
			isa = PBXSourcesBuildPhase;
			buildActionMask = 2147483647;
			files = (
				65256FAE22BBB0BE00253E0E /* RealmSearchableCollectionViewAdapterTests.swift in Sources */,
				65346BE522AEF7B00009A654 /* EditableTableViewItemTests.swift in Sources */,
				6584BF2422A70E8B006D6275 /* BasicCollectionViewSection.swift in Sources */,
				6584BF0E22A70639006D6275 /* StaticTableViewAdapterTests.swift in Sources */,
				65346BD722AD707F0009A654 /* RealmCollectionViewSectionTests.swift in Sources */,
				65346BBA22A998370009A654 /* DefaultTableViewItemTests.swift in Sources */,
				6584BF2222A70E6E006D6275 /* BasicTableViewSection.swift in Sources */,
				65346BD922AD71D40009A654 /* RealmCollectionViewAdapterTests.swift in Sources */,
				6584BF1622A706C9006D6275 /* BasicTableViewItem.swift in Sources */,
				6584BF0F22A7064D006D6275 /* Fakeable.swift in Sources */,
				654E42E122BB5A93000373A6 /* RealmSearchableTableViewAdapterTests.swift in Sources */,
				6584BF2E22A99217006D6275 /* ContainerTests.swift in Sources */,
				6584BF2A22A714B7006D6275 /* SectionTests.swift in Sources */,
				6584BF1422A706BC006D6275 /* BasicModel.swift in Sources */,
				6584BF2022A70E58006D6275 /* BasicSection.swift in Sources */,
				65346BEF22B0247F0009A654 /* BaseTableViewAdapterTests.swift in Sources */,
				65346BD122AD6ACF0009A654 /* BaseRealmTestCase.swift in Sources */,
				6584BF1822A70710006D6275 /* BasicCollectionViewItem.swift in Sources */,
				6584BF1A22A70761006D6275 /* BasicItem.swift in Sources */,
				65346BCA22AD62570009A654 /* RealmTableViewAdapterTests.swift in Sources */,
				6584BF1122A70680006D6275 /* StaticCollectionViewAdapterTests.swift in Sources */,
				65346BCE22AD6A250009A654 /* RealmTableViewSectionTests.swift in Sources */,
				6584BF2722A71386006D6275 /* ItemTests.swift in Sources */,
				65346BF522B062400009A654 /* BaseCollectionViewAdapterTests.swift in Sources */,
			);
			runOnlyForDeploymentPostprocessing = 0;
		};
/* End PBXSourcesBuildPhase section */

/* Begin PBXTargetDependency section */
		607FACE71AFB9204008FA782 /* PBXTargetDependency */ = {
			isa = PBXTargetDependency;
			target = 607FACCF1AFB9204008FA782 /* UIAdapterKit_Example */;
			targetProxy = 607FACE61AFB9204008FA782 /* PBXContainerItemProxy */;
		};
/* End PBXTargetDependency section */

/* Begin PBXVariantGroup section */
		607FACD91AFB9204008FA782 /* Main.storyboard */ = {
			isa = PBXVariantGroup;
			children = (
				607FACDA1AFB9204008FA782 /* Base */,
			);
			name = Main.storyboard;
			sourceTree = "<group>";
		};
		607FACDE1AFB9204008FA782 /* LaunchScreen.xib */ = {
			isa = PBXVariantGroup;
			children = (
				607FACDF1AFB9204008FA782 /* Base */,
			);
			name = LaunchScreen.xib;
			sourceTree = "<group>";
		};
/* End PBXVariantGroup section */

/* Begin XCBuildConfiguration section */
		607FACED1AFB9204008FA782 /* Debug */ = {
			isa = XCBuildConfiguration;
			buildSettings = {
				ALWAYS_SEARCH_USER_PATHS = NO;
				CLANG_CXX_LANGUAGE_STANDARD = "gnu++0x";
				CLANG_CXX_LIBRARY = "libc++";
				CLANG_ENABLE_MODULES = YES;
				CLANG_ENABLE_OBJC_ARC = YES;
				CLANG_WARN_BLOCK_CAPTURE_AUTORELEASING = YES;
				CLANG_WARN_BOOL_CONVERSION = YES;
				CLANG_WARN_COMMA = YES;
				CLANG_WARN_CONSTANT_CONVERSION = YES;
				CLANG_WARN_DIRECT_OBJC_ISA_USAGE = YES_ERROR;
				CLANG_WARN_EMPTY_BODY = YES;
				CLANG_WARN_ENUM_CONVERSION = YES;
				CLANG_WARN_INFINITE_RECURSION = YES;
				CLANG_WARN_INT_CONVERSION = YES;
				CLANG_WARN_NON_LITERAL_NULL_CONVERSION = YES;
				CLANG_WARN_OBJC_LITERAL_CONVERSION = YES;
				CLANG_WARN_OBJC_ROOT_CLASS = YES_ERROR;
				CLANG_WARN_RANGE_LOOP_ANALYSIS = YES;
				CLANG_WARN_STRICT_PROTOTYPES = YES;
				CLANG_WARN_SUSPICIOUS_MOVE = YES;
				CLANG_WARN_UNREACHABLE_CODE = YES;
				CLANG_WARN__DUPLICATE_METHOD_MATCH = YES;
				"CODE_SIGN_IDENTITY[sdk=iphoneos*]" = "iPhone Developer";
				COPY_PHASE_STRIP = NO;
				DEBUG_INFORMATION_FORMAT = "dwarf-with-dsym";
				ENABLE_STRICT_OBJC_MSGSEND = YES;
				ENABLE_TESTABILITY = YES;
				GCC_C_LANGUAGE_STANDARD = gnu99;
				GCC_DYNAMIC_NO_PIC = NO;
				GCC_NO_COMMON_BLOCKS = YES;
				GCC_OPTIMIZATION_LEVEL = 0;
				GCC_PREPROCESSOR_DEFINITIONS = (
					"DEBUG=1",
					"$(inherited)",
				);
				GCC_SYMBOLS_PRIVATE_EXTERN = NO;
				GCC_WARN_64_TO_32_BIT_CONVERSION = YES;
				GCC_WARN_ABOUT_RETURN_TYPE = YES_ERROR;
				GCC_WARN_UNDECLARED_SELECTOR = YES;
				GCC_WARN_UNINITIALIZED_AUTOS = YES_AGGRESSIVE;
				GCC_WARN_UNUSED_FUNCTION = YES;
				GCC_WARN_UNUSED_VARIABLE = YES;
				IPHONEOS_DEPLOYMENT_TARGET = 9.3;
				MTL_ENABLE_DEBUG_INFO = YES;
				ONLY_ACTIVE_ARCH = YES;
				SDKROOT = iphoneos;
				SWIFT_OPTIMIZATION_LEVEL = "-Onone";
			};
			name = Debug;
		};
		607FACEE1AFB9204008FA782 /* Release */ = {
			isa = XCBuildConfiguration;
			buildSettings = {
				ALWAYS_SEARCH_USER_PATHS = NO;
				CLANG_CXX_LANGUAGE_STANDARD = "gnu++0x";
				CLANG_CXX_LIBRARY = "libc++";
				CLANG_ENABLE_MODULES = YES;
				CLANG_ENABLE_OBJC_ARC = YES;
				CLANG_WARN_BLOCK_CAPTURE_AUTORELEASING = YES;
				CLANG_WARN_BOOL_CONVERSION = YES;
				CLANG_WARN_COMMA = YES;
				CLANG_WARN_CONSTANT_CONVERSION = YES;
				CLANG_WARN_DIRECT_OBJC_ISA_USAGE = YES_ERROR;
				CLANG_WARN_EMPTY_BODY = YES;
				CLANG_WARN_ENUM_CONVERSION = YES;
				CLANG_WARN_INFINITE_RECURSION = YES;
				CLANG_WARN_INT_CONVERSION = YES;
				CLANG_WARN_NON_LITERAL_NULL_CONVERSION = YES;
				CLANG_WARN_OBJC_LITERAL_CONVERSION = YES;
				CLANG_WARN_OBJC_ROOT_CLASS = YES_ERROR;
				CLANG_WARN_RANGE_LOOP_ANALYSIS = YES;
				CLANG_WARN_STRICT_PROTOTYPES = YES;
				CLANG_WARN_SUSPICIOUS_MOVE = YES;
				CLANG_WARN_UNREACHABLE_CODE = YES;
				CLANG_WARN__DUPLICATE_METHOD_MATCH = YES;
				"CODE_SIGN_IDENTITY[sdk=iphoneos*]" = "iPhone Developer";
				COPY_PHASE_STRIP = NO;
				DEBUG_INFORMATION_FORMAT = "dwarf-with-dsym";
				ENABLE_NS_ASSERTIONS = NO;
				ENABLE_STRICT_OBJC_MSGSEND = YES;
				GCC_C_LANGUAGE_STANDARD = gnu99;
				GCC_NO_COMMON_BLOCKS = YES;
				GCC_WARN_64_TO_32_BIT_CONVERSION = YES;
				GCC_WARN_ABOUT_RETURN_TYPE = YES_ERROR;
				GCC_WARN_UNDECLARED_SELECTOR = YES;
				GCC_WARN_UNINITIALIZED_AUTOS = YES_AGGRESSIVE;
				GCC_WARN_UNUSED_FUNCTION = YES;
				GCC_WARN_UNUSED_VARIABLE = YES;
				IPHONEOS_DEPLOYMENT_TARGET = 9.3;
				MTL_ENABLE_DEBUG_INFO = NO;
				SDKROOT = iphoneos;
				SWIFT_OPTIMIZATION_LEVEL = "-Owholemodule";
				VALIDATE_PRODUCT = YES;
			};
			name = Release;
		};
		607FACF01AFB9204008FA782 /* Debug */ = {
			isa = XCBuildConfiguration;
			baseConfigurationReference = 9F7D964E234911FE4DBA0049 /* Pods-UIAdapterKit_Example.debug.xcconfig */;
			buildSettings = {
				ASSETCATALOG_COMPILER_APPICON_NAME = AppIcon;
				INFOPLIST_FILE = UIAdapterKit/Info.plist;
				LD_RUNPATH_SEARCH_PATHS = "$(inherited) @executable_path/Frameworks";
				MODULE_NAME = ExampleApp;
				PRODUCT_BUNDLE_IDENTIFIER = "org.cocoapods.demo.$(PRODUCT_NAME:rfc1034identifier)";
				PRODUCT_NAME = "$(TARGET_NAME)";
				SWIFT_SWIFT3_OBJC_INFERENCE = Default;
				SWIFT_VERSION = 4.0;
			};
			name = Debug;
		};
		607FACF11AFB9204008FA782 /* Release */ = {
			isa = XCBuildConfiguration;
			baseConfigurationReference = 518FB74AA9AB48A1F42FF552 /* Pods-UIAdapterKit_Example.release.xcconfig */;
			buildSettings = {
				ASSETCATALOG_COMPILER_APPICON_NAME = AppIcon;
				INFOPLIST_FILE = UIAdapterKit/Info.plist;
				LD_RUNPATH_SEARCH_PATHS = "$(inherited) @executable_path/Frameworks";
				MODULE_NAME = ExampleApp;
				PRODUCT_BUNDLE_IDENTIFIER = "org.cocoapods.demo.$(PRODUCT_NAME:rfc1034identifier)";
				PRODUCT_NAME = "$(TARGET_NAME)";
				SWIFT_SWIFT3_OBJC_INFERENCE = Default;
				SWIFT_VERSION = 4.0;
			};
			name = Release;
		};
		607FACF31AFB9204008FA782 /* Debug */ = {
			isa = XCBuildConfiguration;
			baseConfigurationReference = C64485E4A8F13E4272FCD6F6 /* Pods-UIAdapterKit_Tests.debug.xcconfig */;
			buildSettings = {
				FRAMEWORK_SEARCH_PATHS = (
					"$(SDKROOT)/Developer/Library/Frameworks",
					"$(inherited)",
				);
				GCC_PREPROCESSOR_DEFINITIONS = (
					"DEBUG=1",
					"$(inherited)",
				);
				INFOPLIST_FILE = Tests/Info.plist;
				LD_RUNPATH_SEARCH_PATHS = "$(inherited) @executable_path/Frameworks @loader_path/Frameworks";
				PRODUCT_BUNDLE_IDENTIFIER = "org.cocoapods.$(PRODUCT_NAME:rfc1034identifier)";
				PRODUCT_NAME = "$(TARGET_NAME)";
				SWIFT_SWIFT3_OBJC_INFERENCE = Default;
				SWIFT_VERSION = 4.0;
				TEST_HOST = "$(BUILT_PRODUCTS_DIR)/UIAdapterKit_Example.app/UIAdapterKit_Example";
			};
			name = Debug;
		};
		607FACF41AFB9204008FA782 /* Release */ = {
			isa = XCBuildConfiguration;
			baseConfigurationReference = 4EB2747BBCF8BB1934D02FA9 /* Pods-UIAdapterKit_Tests.release.xcconfig */;
			buildSettings = {
				FRAMEWORK_SEARCH_PATHS = (
					"$(SDKROOT)/Developer/Library/Frameworks",
					"$(inherited)",
				);
				INFOPLIST_FILE = Tests/Info.plist;
				LD_RUNPATH_SEARCH_PATHS = "$(inherited) @executable_path/Frameworks @loader_path/Frameworks";
				PRODUCT_BUNDLE_IDENTIFIER = "org.cocoapods.$(PRODUCT_NAME:rfc1034identifier)";
				PRODUCT_NAME = "$(TARGET_NAME)";
				SWIFT_SWIFT3_OBJC_INFERENCE = Default;
				SWIFT_VERSION = 4.0;
				TEST_HOST = "$(BUILT_PRODUCTS_DIR)/UIAdapterKit_Example.app/UIAdapterKit_Example";
			};
			name = Release;
		};
/* End XCBuildConfiguration section */

/* Begin XCConfigurationList section */
		607FACCB1AFB9204008FA782 /* Build configuration list for PBXProject "UIAdapterKit" */ = {
			isa = XCConfigurationList;
			buildConfigurations = (
				607FACED1AFB9204008FA782 /* Debug */,
				607FACEE1AFB9204008FA782 /* Release */,
			);
			defaultConfigurationIsVisible = 0;
			defaultConfigurationName = Release;
		};
		607FACEF1AFB9204008FA782 /* Build configuration list for PBXNativeTarget "UIAdapterKit_Example" */ = {
			isa = XCConfigurationList;
			buildConfigurations = (
				607FACF01AFB9204008FA782 /* Debug */,
				607FACF11AFB9204008FA782 /* Release */,
			);
			defaultConfigurationIsVisible = 0;
			defaultConfigurationName = Release;
		};
		607FACF21AFB9204008FA782 /* Build configuration list for PBXNativeTarget "UIAdapterKit_Tests" */ = {
			isa = XCConfigurationList;
			buildConfigurations = (
				607FACF31AFB9204008FA782 /* Debug */,
				607FACF41AFB9204008FA782 /* Release */,
			);
			defaultConfigurationIsVisible = 0;
			defaultConfigurationName = Release;
		};
/* End XCConfigurationList section */
	};
	rootObject = 607FACC81AFB9204008FA782 /* Project object */;
}
