PODS:
  - Fakery (4.1.1)
  - PredicateFlow (1.3):
    - PredicateFlow/Basic (= 1.3)
    - Sourcery (~> 0.17.0)
  - PredicateFlow/Basic (1.3):
    - Sourcery (~> 0.17.0)
  - PredicateFlow/Realm (1.3):
    - RealmSwift
    - Sourcery (~> 0.17.0)
  - R.swift (5.1.0):
    - R.swift.Library (~> 5.1.0)
  - R.swift.Library (5.1.0)
  - Realm (4.1.1):
    - Realm/Headers (= 4.1.1)
  - Realm/Headers (4.1.1)
  - RealmSwift (4.1.1):
    - Realm (= 4.1.1)
  - Sourcery (0.17.0)
  - SwiftLint (0.37.0)
  - UIAdapterKit (0.11.0):
    - UIAdapterKit/Basic (= 0.11.0)
  - UIAdapterKit/Basic (0.11.0)
  - UIAdapterKit/Common (0.11.0)
  - UIAdapterKit/Realm (0.11.0):
    - RealmSwift

DEPENDENCIES:
  - Fakery
  - PredicateFlow
  - PredicateFlow/Realm
  - R.swift
  - SwiftLint
  - UIAdapterKit (from `../`)
  - UIAdapterKit/Common (from `../`)
  - UIAdapterKit/Realm (from `../`)

SPEC REPOS:
  trunk:
    - Fakery
    - PredicateFlow
    - R.swift
    - R.swift.Library
    - Realm
    - RealmSwift
    - Sourcery
    - SwiftLint

EXTERNAL SOURCES:
  UIAdapterKit:
    :path: "../"

SPEC CHECKSUMS:
  Fakery: d3380c4aa1efe7631c0831d7e26aa9db4491f014
  PredicateFlow: 76b1bff5b00eeed3f493a5b5366cb01ac417278e
  R.swift: 8cbc4fc69b740305b6a17c8a8ed968eb788962d9
  R.swift.Library: fa85ce1e0d0b7e818cd9e080df910ba54d2776cc
  Realm: 25f0a8244cbb1c2271c922963ea8666fc2d8104d
  RealmSwift: 9e2657b33764f80e4a4dffd6d440e24715782052
  Sourcery: 3ed61be7c8a1218fce349266139379dba477efe0
  SwiftLint: c078a14d7d7ade75e5507795d185e3da41d844d2
  UIAdapterKit: 4417a2028ca8377b2b350a2b88afeb1ff066dd0d

PODFILE CHECKSUM: dfb609fe46473d7183e0acd0cc7e197c47905188

COCOAPODS: 1.9.0
